
Microsoft Visual Studio Solution File, Format Version 12.00
# Visual Studio Version 17
VisualStudioVersion = 17.1.32328.378
MinimumVisualStudioVersion = 10.0.40219.1
Project("{FAE04EC0-301F-11D3-BF4B-00C04F79EFBC}") = "BlazoriseTest", "BlazoriseTest.csproj", "{D846CF11-A28A-4D1A-B599-04F6B75D7628}"
EndProject
Global
	GlobalSection(SolutionConfigurationPlatforms) = preSolution
		Debug|Any CPU = Debug|Any CPU
		Release|Any CPU = Release|Any CPU
	EndGlobalSection
	GlobalSection(ProjectConfigurationPlatforms) = postSolution
		{D846CF11-A28A-4D1A-B599-04F6B75D7628}.Debug|Any CPU.ActiveCfg = Debug|Any CPU
		{D846CF11-A28A-4D1A-B599-04F6B75D7628}.Debug|Any CPU.Build.0 = Debug|Any CPU
		{D846CF11-A28A-4D1A-B599-04F6B75D7628}.Release|Any CPU.ActiveCfg = Release|Any CPU
		{D846CF11-A28A-4D1A-B599-04F6B75D7628}.Release|Any CPU.Build.0 = Release|Any CPU
	EndGlobalSection
	GlobalSection(SolutionProperties) = preSolution
		HideSolutionNode = FALSE
	EndGlobalSection
	GlobalSection(ExtensibilityGlobals) = postSolution
		SolutionGuid = {5B1A1126-D622-4834-B837-CD02E70A70BB}
	EndGlobalSection
EndGlobal
